
Microsoft Visual Studio Solution File, Format Version 12.00
# Visual Studio Version 16
VisualStudioVersion = 16.0.31424.327
MinimumVisualStudioVersion = 10.0.40219.1
Project("{9A19103F-16F7-4668-BE54-9A1E7A4F7556}") = "HelloWorld", "HelloWorld\HelloWorld.csproj", "{350ECB8E-27A0-4FE5-8804-FF8F76604A43}"
EndProject
Project("{9A19103F-16F7-4668-BE54-9A1E7A4F7556}") = "CardProject", "CardProject\CardProject.csproj", "{CD18B127-2553-4BAA-A637-4E7E7CC258C9}"
EndProject
Project("{9A19103F-16F7-4668-BE54-9A1E7A4F7556}") = "StringFormatFeatures", "StringFormatFeatures\StringFormatFeatures.csproj", "{A55A91A5-673D-4D85-874D-FA327659CEB7}"
EndProject
Project("{9A19103F-16F7-4668-BE54-9A1E7A4F7556}") = "HRSystem", "HRSystem\HRSystem.csproj", "{873EBCA4-64B5-454C-9B4F-CAD783435560}"
EndProject
Project("{9A19103F-16F7-4668-BE54-9A1E7A4F7556}") = "CommonBaseClass", "CommonBaseClass\CommonBaseClass.csproj", "{70424D41-A4FD-4973-8B33-D9C85B8616ED}"
EndProject
Project("{9A19103F-16F7-4668-BE54-9A1E7A4F7556}") = "ExceptionHandling", "ExceptionHandling\ExceptionHandling.csproj", "{2C7BE95E-A100-4FCB-A5B3-DFE7D271C25A}"
EndProject
Project("{9A19103F-16F7-4668-BE54-9A1E7A4F7556}") = "WinFormsHelloWorld", "WinFormsHelloWorld\WinFormsHelloWorld.csproj", "{E723EFF5-74B8-4363-84A6-19BA6FDB2347}"
EndProject
Project("{9A19103F-16F7-4668-BE54-9A1E7A4F7556}") = "StaticTest", "StaticTest\StaticTest.csproj", "{61452595-D556-470F-97C5-37AAD1049C90}"
EndProject
Project("{9A19103F-16F7-4668-BE54-9A1E7A4F7556}") = "CollectionTest", "CollectionTest\CollectionTest.csproj", "{21FA11B1-00E0-43F7-A14A-8721DD020550}"
EndProject
Project("{9A19103F-16F7-4668-BE54-9A1E7A4F7556}") = "HelloWorldDB", "HelloWorldDB\HelloWorldDB.csproj", "{BAFD9E27-A697-4E81-A02D-7B77CB948A04}"
EndProject
Project("{9A19103F-16F7-4668-BE54-9A1E7A4F7556}") = "UserDaoTest", "UserDaoTest\UserDaoTest.csproj", "{9C223078-B919-459A-B59B-B820B569CBE7}"
EndProject
Project("{D954291E-2A0B-460D-934E-DC6B0785DB48}") = "UserDaoLibrary", "UserDaoLibrary\UserDaoLibrary.shproj", "{85B74FB2-03CB-49CE-911D-28CB3985DC00}"
EndProject
Project("{9A19103F-16F7-4668-BE54-9A1E7A4F7556}") = "UserDaoLibraryConsoleTest", "UserDaoLibraryConsoleTest\UserDaoLibraryConsoleTest.csproj", "{4D7A85AB-8198-4519-B343-4F618A6F1E65}"
EndProject
Project("{FAE04EC0-301F-11D3-BF4B-00C04F79EFBC}") = "ListProcessing", "ListProcessing\ListProcessing.csproj", "{355A9FE8-999B-463A-A759-302E485D475E}"
EndProject
Project("{FAE04EC0-301F-11D3-BF4B-00C04F79EFBC}") = "UserDbFrontEnd", "UserDbFrontEnd\UserDbFrontEnd.csproj", "{F72F5B9C-9DC5-4A92-9FFE-077D92B59737}"
EndProject
Global
	GlobalSection(SharedMSBuildProjectFiles) = preSolution
		UserDaoLibrary\UserDaoLibrary.projitems*{355a9fe8-999b-463a-a759-302e485d475e}*SharedItemsImports = 5
		UserDaoLibrary\UserDaoLibrary.projitems*{4d7a85ab-8198-4519-b343-4f618a6f1e65}*SharedItemsImports = 5
		UserDaoLibrary\UserDaoLibrary.projitems*{85b74fb2-03cb-49ce-911d-28cb3985dc00}*SharedItemsImports = 13
		UserDaoLibrary\UserDaoLibrary.projitems*{f72f5b9c-9dc5-4a92-9ffe-077d92b59737}*SharedItemsImports = 5
	EndGlobalSection
	GlobalSection(SolutionConfigurationPlatforms) = preSolution
		Debug|Any CPU = Debug|Any CPU
		Release|Any CPU = Release|Any CPU
	EndGlobalSection
	GlobalSection(ProjectConfigurationPlatforms) = postSolution
		{350ECB8E-27A0-4FE5-8804-FF8F76604A43}.Debug|Any CPU.ActiveCfg = Debug|Any CPU
		{350ECB8E-27A0-4FE5-8804-FF8F76604A43}.Debug|Any CPU.Build.0 = Debug|Any CPU
		{350ECB8E-27A0-4FE5-8804-FF8F76604A43}.Release|Any CPU.ActiveCfg = Release|Any CPU
		{350ECB8E-27A0-4FE5-8804-FF8F76604A43}.Release|Any CPU.Build.0 = Release|Any CPU
		{CD18B127-2553-4BAA-A637-4E7E7CC258C9}.Debug|Any CPU.ActiveCfg = Debug|Any CPU
		{CD18B127-2553-4BAA-A637-4E7E7CC258C9}.Debug|Any CPU.Build.0 = Debug|Any CPU
		{CD18B127-2553-4BAA-A637-4E7E7CC258C9}.Release|Any CPU.ActiveCfg = Release|Any CPU
		{CD18B127-2553-4BAA-A637-4E7E7CC258C9}.Release|Any CPU.Build.0 = Release|Any CPU
		{A55A91A5-673D-4D85-874D-FA327659CEB7}.Debug|Any CPU.ActiveCfg = Debug|Any CPU
		{A55A91A5-673D-4D85-874D-FA327659CEB7}.Debug|Any CPU.Build.0 = Debug|Any CPU
		{A55A91A5-673D-4D85-874D-FA327659CEB7}.Release|Any CPU.ActiveCfg = Release|Any CPU
		{A55A91A5-673D-4D85-874D-FA327659CEB7}.Release|Any CPU.Build.0 = Release|Any CPU
		{873EBCA4-64B5-454C-9B4F-CAD783435560}.Debug|Any CPU.ActiveCfg = Debug|Any CPU
		{873EBCA4-64B5-454C-9B4F-CAD783435560}.Debug|Any CPU.Build.0 = Debug|Any CPU
		{873EBCA4-64B5-454C-9B4F-CAD783435560}.Release|Any CPU.ActiveCfg = Release|Any CPU
		{873EBCA4-64B5-454C-9B4F-CAD783435560}.Release|Any CPU.Build.0 = Release|Any CPU
		{70424D41-A4FD-4973-8B33-D9C85B8616ED}.Debug|Any CPU.ActiveCfg = Debug|Any CPU
		{70424D41-A4FD-4973-8B33-D9C85B8616ED}.Debug|Any CPU.Build.0 = Debug|Any CPU
		{70424D41-A4FD-4973-8B33-D9C85B8616ED}.Release|Any CPU.ActiveCfg = Release|Any CPU
		{70424D41-A4FD-4973-8B33-D9C85B8616ED}.Release|Any CPU.Build.0 = Release|Any CPU
		{2C7BE95E-A100-4FCB-A5B3-DFE7D271C25A}.Debug|Any CPU.ActiveCfg = Debug|Any CPU
		{2C7BE95E-A100-4FCB-A5B3-DFE7D271C25A}.Debug|Any CPU.Build.0 = Debug|Any CPU
		{2C7BE95E-A100-4FCB-A5B3-DFE7D271C25A}.Release|Any CPU.ActiveCfg = Release|Any CPU
		{2C7BE95E-A100-4FCB-A5B3-DFE7D271C25A}.Release|Any CPU.Build.0 = Release|Any CPU
		{E723EFF5-74B8-4363-84A6-19BA6FDB2347}.Debug|Any CPU.ActiveCfg = Debug|Any CPU
		{E723EFF5-74B8-4363-84A6-19BA6FDB2347}.Debug|Any CPU.Build.0 = Debug|Any CPU
		{E723EFF5-74B8-4363-84A6-19BA6FDB2347}.Release|Any CPU.ActiveCfg = Release|Any CPU
		{E723EFF5-74B8-4363-84A6-19BA6FDB2347}.Release|Any CPU.Build.0 = Release|Any CPU
		{61452595-D556-470F-97C5-37AAD1049C90}.Debug|Any CPU.ActiveCfg = Debug|Any CPU
		{61452595-D556-470F-97C5-37AAD1049C90}.Debug|Any CPU.Build.0 = Debug|Any CPU
		{61452595-D556-470F-97C5-37AAD1049C90}.Release|Any CPU.ActiveCfg = Release|Any CPU
		{61452595-D556-470F-97C5-37AAD1049C90}.Release|Any CPU.Build.0 = Release|Any CPU
		{21FA11B1-00E0-43F7-A14A-8721DD020550}.Debug|Any CPU.ActiveCfg = Debug|Any CPU
		{21FA11B1-00E0-43F7-A14A-8721DD020550}.Debug|Any CPU.Build.0 = Debug|Any CPU
		{21FA11B1-00E0-43F7-A14A-8721DD020550}.Release|Any CPU.ActiveCfg = Release|Any CPU
		{21FA11B1-00E0-43F7-A14A-8721DD020550}.Release|Any CPU.Build.0 = Release|Any CPU
		{BAFD9E27-A697-4E81-A02D-7B77CB948A04}.Debug|Any CPU.ActiveCfg = Debug|Any CPU
		{BAFD9E27-A697-4E81-A02D-7B77CB948A04}.Debug|Any CPU.Build.0 = Debug|Any CPU
		{BAFD9E27-A697-4E81-A02D-7B77CB948A04}.Release|Any CPU.ActiveCfg = Release|Any CPU
		{BAFD9E27-A697-4E81-A02D-7B77CB948A04}.Release|Any CPU.Build.0 = Release|Any CPU
		{9C223078-B919-459A-B59B-B820B569CBE7}.Debug|Any CPU.ActiveCfg = Debug|Any CPU
		{9C223078-B919-459A-B59B-B820B569CBE7}.Debug|Any CPU.Build.0 = Debug|Any CPU
		{9C223078-B919-459A-B59B-B820B569CBE7}.Release|Any CPU.ActiveCfg = Release|Any CPU
		{9C223078-B919-459A-B59B-B820B569CBE7}.Release|Any CPU.Build.0 = Release|Any CPU
		{4D7A85AB-8198-4519-B343-4F618A6F1E65}.Debug|Any CPU.ActiveCfg = Debug|Any CPU
		{4D7A85AB-8198-4519-B343-4F618A6F1E65}.Debug|Any CPU.Build.0 = Debug|Any CPU
		{4D7A85AB-8198-4519-B343-4F618A6F1E65}.Release|Any CPU.ActiveCfg = Release|Any CPU
		{4D7A85AB-8198-4519-B343-4F618A6F1E65}.Release|Any CPU.Build.0 = Release|Any CPU
		{355A9FE8-999B-463A-A759-302E485D475E}.Debug|Any CPU.ActiveCfg = Debug|Any CPU
		{355A9FE8-999B-463A-A759-302E485D475E}.Debug|Any CPU.Build.0 = Debug|Any CPU
		{355A9FE8-999B-463A-A759-302E485D475E}.Release|Any CPU.ActiveCfg = Release|Any CPU
		{355A9FE8-999B-463A-A759-302E485D475E}.Release|Any CPU.Build.0 = Release|Any CPU
		{F72F5B9C-9DC5-4A92-9FFE-077D92B59737}.Debug|Any CPU.ActiveCfg = Debug|Any CPU
		{F72F5B9C-9DC5-4A92-9FFE-077D92B59737}.Debug|Any CPU.Build.0 = Debug|Any CPU
		{F72F5B9C-9DC5-4A92-9FFE-077D92B59737}.Release|Any CPU.ActiveCfg = Release|Any CPU
		{F72F5B9C-9DC5-4A92-9FFE-077D92B59737}.Release|Any CPU.Build.0 = Release|Any CPU
	EndGlobalSection
	GlobalSection(SolutionProperties) = preSolution
		HideSolutionNode = FALSE
	EndGlobalSection
	GlobalSection(ExtensibilityGlobals) = postSolution
		SolutionGuid = {00446E45-50E2-476F-AE8A-D1A7B12E56C9}
	EndGlobalSection
EndGlobal
