
Microsoft Visual Studio Solution File, Format Version 12.00
# Visual Studio Version 16
VisualStudioVersion = 16.0.31424.327
MinimumVisualStudioVersion = 10.0.40219.1
Project("{FAE04EC0-301F-11D3-BF4B-00C04F79EFBC}") = "HelloWorld", "HelloWorld\HelloWorld.csproj", "{350ECB8E-27A0-4FE5-8804-FF8F76604A43}"
EndProject
Project("{FAE04EC0-301F-11D3-BF4B-00C04F79EFBC}") = "CardProject", "CardProject\CardProject.csproj", "{CD18B127-2553-4BAA-A637-4E7E7CC258C9}"
EndProject
Global
	GlobalSection(SolutionConfigurationPlatforms) = preSolution
		Debug|Any CPU = Debug|Any CPU
		Release|Any CPU = Release|Any CPU
	EndGlobalSection
	GlobalSection(ProjectConfigurationPlatforms) = postSolution
		{350ECB8E-27A0-4FE5-8804-FF8F76604A43}.Debug|Any CPU.ActiveCfg = Debug|Any CPU
		{350ECB8E-27A0-4FE5-8804-FF8F76604A43}.Debug|Any CPU.Build.0 = Debug|Any CPU
		{350ECB8E-27A0-4FE5-8804-FF8F76604A43}.Release|Any CPU.ActiveCfg = Release|Any CPU
		{350ECB8E-27A0-4FE5-8804-FF8F76604A43}.Release|Any CPU.Build.0 = Release|Any CPU
		{CD18B127-2553-4BAA-A637-4E7E7CC258C9}.Debug|Any CPU.ActiveCfg = Debug|Any CPU
		{CD18B127-2553-4BAA-A637-4E7E7CC258C9}.Debug|Any CPU.Build.0 = Debug|Any CPU
		{CD18B127-2553-4BAA-A637-4E7E7CC258C9}.Release|Any CPU.ActiveCfg = Release|Any CPU
		{CD18B127-2553-4BAA-A637-4E7E7CC258C9}.Release|Any CPU.Build.0 = Release|Any CPU
	EndGlobalSection
	GlobalSection(SolutionProperties) = preSolution
		HideSolutionNode = FALSE
	EndGlobalSection
	GlobalSection(ExtensibilityGlobals) = postSolution
		SolutionGuid = {00446E45-50E2-476F-AE8A-D1A7B12E56C9}
	EndGlobalSection
EndGlobal
